// !$*UTF8*$!
{
	archiveVersion = 1;
	classes = {
	};
	objectVersion = 77;
	objects = {

/* Begin PBXContainerItemProxy section */
		E866E37F2D11825300B5ACB0 /* PBXContainerItemProxy */ = {
			isa = PBXContainerItemProxy;
			containerPortal = E866E3662D11825100B5ACB0 /* Project object */;
			proxyType = 1;
			remoteGlobalIDString = E866E36D2D11825100B5ACB0;
			remoteInfo = Somnolence;
		};
		E866E3892D11825300B5ACB0 /* PBXContainerItemProxy */ = {
			isa = PBXContainerItemProxy;
			containerPortal = E866E3662D11825100B5ACB0 /* Project object */;
			proxyType = 1;
			remoteGlobalIDString = E866E36D2D11825100B5ACB0;
			remoteInfo = Somnolence;
		};
/* End PBXContainerItemProxy section */

/* Begin PBXFileReference section */
		E866E36E2D11825100B5ACB0 /* Somnolence.app */ = {isa = PBXFileReference; explicitFileType = wrapper.application; includeInIndex = 0; path = Somnolence.app; sourceTree = BUILT_PRODUCTS_DIR; };
		E866E37E2D11825300B5ACB0 /* SomnolenceTests.xctest */ = {isa = PBXFileReference; explicitFileType = wrapper.cfbundle; includeInIndex = 0; path = SomnolenceTests.xctest; sourceTree = BUILT_PRODUCTS_DIR; };
		E866E3882D11825300B5ACB0 /* SomnolenceUITests.xctest */ = {isa = PBXFileReference; explicitFileType = wrapper.cfbundle; includeInIndex = 0; path = SomnolenceUITests.xctest; sourceTree = BUILT_PRODUCTS_DIR; };
/* End PBXFileReference section */

/* Begin PBXFileSystemSynchronizedBuildFileExceptionSet section */
		E8FD213C2D32A5EF0084084C /* Exceptions for "Somnolence" folder in "Somnolence" target */ = {
			isa = PBXFileSystemSynchronizedBuildFileExceptionSet;
			membershipExceptions = (
				Info.plist,
			);
			target = E866E36D2D11825100B5ACB0 /* Somnolence */;
		};
/* End PBXFileSystemSynchronizedBuildFileExceptionSet section */

/* Begin PBXFileSystemSynchronizedRootGroup section */
		E866E3702D11825100B5ACB0 /* Somnolence */ = {
			isa = PBXFileSystemSynchronizedRootGroup;
			exceptions = (
				E8FD213C2D32A5EF0084084C /* Exceptions for "Somnolence" folder in "Somnolence" target */,
			);
			path = Somnolence;
			sourceTree = "<group>";
		};
		E866E3812D11825300B5ACB0 /* SomnolenceTests */ = {
			isa = PBXFileSystemSynchronizedRootGroup;
			path = SomnolenceTests;
			sourceTree = "<group>";
		};
		E866E38B2D11825300B5ACB0 /* SomnolenceUITests */ = {
			isa = PBXFileSystemSynchronizedRootGroup;
			path = SomnolenceUITests;
			sourceTree = "<group>";
		};
/* End PBXFileSystemSynchronizedRootGroup section */

/* Begin PBXFrameworksBuildPhase section */
		E866E36B2D11825100B5ACB0 /* Frameworks */ = {
			isa = PBXFrameworksBuildPhase;
			buildActionMask = 2147483647;
			files = (
			);
			runOnlyForDeploymentPostprocessing = 0;
		};
		E866E37B2D11825300B5ACB0 /* Frameworks */ = {
			isa = PBXFrameworksBuildPhase;
			buildActionMask = 2147483647;
			files = (
			);
			runOnlyForDeploymentPostprocessing = 0;
		};
		E866E3852D11825300B5ACB0 /* Frameworks */ = {
			isa = PBXFrameworksBuildPhase;
			buildActionMask = 2147483647;
			files = (
			);
			runOnlyForDeploymentPostprocessing = 0;
		};
/* End PBXFrameworksBuildPhase section */

/* Begin PBXGroup section */
		E866E3652D11825100B5ACB0 = {
			isa = PBXGroup;
			children = (
				E866E3702D11825100B5ACB0 /* Somnolence */,
				E866E3812D11825300B5ACB0 /* SomnolenceTests */,
				E866E38B2D11825300B5ACB0 /* SomnolenceUITests */,
				E866E36F2D11825100B5ACB0 /* Products */,
			);
			sourceTree = "<group>";
		};
		E866E36F2D11825100B5ACB0 /* Products */ = {
			isa = PBXGroup;
			children = (
				E866E36E2D11825100B5ACB0 /* Somnolence.app */,
				E866E37E2D11825300B5ACB0 /* SomnolenceTests.xctest */,
				E866E3882D11825300B5ACB0 /* SomnolenceUITests.xctest */,
			);
			name = Products;
			sourceTree = "<group>";
		};
/* End PBXGroup section */

/* Begin PBXNativeTarget section */
		E866E36D2D11825100B5ACB0 /* Somnolence */ = {
			isa = PBXNativeTarget;
			buildConfigurationList = E866E3922D11825300B5ACB0 /* Build configuration list for PBXNativeTarget "Somnolence" */;
			buildPhases = (
				E866E36A2D11825100B5ACB0 /* Sources */,
				E866E36B2D11825100B5ACB0 /* Frameworks */,
				E866E36C2D11825100B5ACB0 /* Resources */,
			);
			buildRules = (
			);
			dependencies = (
			);
			fileSystemSynchronizedGroups = (
				E866E3702D11825100B5ACB0 /* Somnolence */,
			);
			name = Somnolence;
			packageProductDependencies = (
			);
			productName = Somnolence;
			productReference = E866E36E2D11825100B5ACB0 /* Somnolence.app */;
			productType = "com.apple.product-type.application";
		};
		E866E37D2D11825300B5ACB0 /* SomnolenceTests */ = {
			isa = PBXNativeTarget;
			buildConfigurationList = E866E3952D11825300B5ACB0 /* Build configuration list for PBXNativeTarget "SomnolenceTests" */;
			buildPhases = (
				E866E37A2D11825300B5ACB0 /* Sources */,
				E866E37B2D11825300B5ACB0 /* Frameworks */,
				E866E37C2D11825300B5ACB0 /* Resources */,
			);
			buildRules = (
			);
			dependencies = (
				E866E3802D11825300B5ACB0 /* PBXTargetDependency */,
			);
			fileSystemSynchronizedGroups = (
				E866E3812D11825300B5ACB0 /* SomnolenceTests */,
			);
			name = SomnolenceTests;
			packageProductDependencies = (
			);
			productName = SomnolenceTests;
			productReference = E866E37E2D11825300B5ACB0 /* SomnolenceTests.xctest */;
			productType = "com.apple.product-type.bundle.unit-test";
		};
		E866E3872D11825300B5ACB0 /* SomnolenceUITests */ = {
			isa = PBXNativeTarget;
			buildConfigurationList = E866E3982D11825300B5ACB0 /* Build configuration list for PBXNativeTarget "SomnolenceUITests" */;
			buildPhases = (
				E866E3842D11825300B5ACB0 /* Sources */,
				E866E3852D11825300B5ACB0 /* Frameworks */,
				E866E3862D11825300B5ACB0 /* Resources */,
			);
			buildRules = (
			);
			dependencies = (
				E866E38A2D11825300B5ACB0 /* PBXTargetDependency */,
			);
			fileSystemSynchronizedGroups = (
				E866E38B2D11825300B5ACB0 /* SomnolenceUITests */,
			);
			name = SomnolenceUITests;
			packageProductDependencies = (
			);
			productName = SomnolenceUITests;
			productReference = E866E3882D11825300B5ACB0 /* SomnolenceUITests.xctest */;
			productType = "com.apple.product-type.bundle.ui-testing";
		};
/* End PBXNativeTarget section */

/* Begin PBXProject section */
		E866E3662D11825100B5ACB0 /* Project object */ = {
			isa = PBXProject;
			attributes = {
				BuildIndependentTargetsInParallel = 1;
				LastSwiftUpdateCheck = 1610;
				LastUpgradeCheck = 1610;
				TargetAttributes = {
					E866E36D2D11825100B5ACB0 = {
						CreatedOnToolsVersion = 16.1;
					};
					E866E37D2D11825300B5ACB0 = {
						CreatedOnToolsVersion = 16.1;
						TestTargetID = E866E36D2D11825100B5ACB0;
					};
					E866E3872D11825300B5ACB0 = {
						CreatedOnToolsVersion = 16.1;
						TestTargetID = E866E36D2D11825100B5ACB0;
					};
				};
			};
			buildConfigurationList = E866E3692D11825100B5ACB0 /* Build configuration list for PBXProject "Somnolence" */;
			developmentRegion = en;
			hasScannedForEncodings = 0;
			knownRegions = (
				en,
				Base,
			);
			mainGroup = E866E3652D11825100B5ACB0;
			minimizedProjectReferenceProxies = 1;
			preferredProjectObjectVersion = 77;
			productRefGroup = E866E36F2D11825100B5ACB0 /* Products */;
			projectDirPath = "";
			projectRoot = "";
			targets = (
				E866E36D2D11825100B5ACB0 /* Somnolence */,
				E866E37D2D11825300B5ACB0 /* SomnolenceTests */,
				E866E3872D11825300B5ACB0 /* SomnolenceUITests */,
			);
		};
/* End PBXProject section */

/* Begin PBXResourcesBuildPhase section */
		E866E36C2D11825100B5ACB0 /* Resources */ = {
			isa = PBXResourcesBuildPhase;
			buildActionMask = 2147483647;
			files = (
			);
			runOnlyForDeploymentPostprocessing = 0;
		};
		E866E37C2D11825300B5ACB0 /* Resources */ = {
			isa = PBXResourcesBuildPhase;
			buildActionMask = 2147483647;
			files = (
			);
			runOnlyForDeploymentPostprocessing = 0;
		};
		E866E3862D11825300B5ACB0 /* Resources */ = {
			isa = PBXResourcesBuildPhase;
			buildActionMask = 2147483647;
			files = (
			);
			runOnlyForDeploymentPostprocessing = 0;
		};
/* End PBXResourcesBuildPhase section */

/* Begin PBXSourcesBuildPhase section */
		E866E36A2D11825100B5ACB0 /* Sources */ = {
			isa = PBXSourcesBuildPhase;
			buildActionMask = 2147483647;
			files = (
			);
			runOnlyForDeploymentPostprocessing = 0;
		};
		E866E37A2D11825300B5ACB0 /* Sources */ = {
			isa = PBXSourcesBuildPhase;
			buildActionMask = 2147483647;
			files = (
			);
			runOnlyForDeploymentPostprocessing = 0;
		};
		E866E3842D11825300B5ACB0 /* Sources */ = {
			isa = PBXSourcesBuildPhase;
			buildActionMask = 2147483647;
			files = (
			);
			runOnlyForDeploymentPostprocessing = 0;
		};
/* End PBXSourcesBuildPhase section */

/* Begin PBXTargetDependency section */
		E866E3802D11825300B5ACB0 /* PBXTargetDependency */ = {
			isa = PBXTargetDependency;
			target = E866E36D2D11825100B5ACB0 /* Somnolence */;
			targetProxy = E866E37F2D11825300B5ACB0 /* PBXContainerItemProxy */;
		};
		E866E38A2D11825300B5ACB0 /* PBXTargetDependency */ = {
			isa = PBXTargetDependency;
			target = E866E36D2D11825100B5ACB0 /* Somnolence */;
			targetProxy = E866E3892D11825300B5ACB0 /* PBXContainerItemProxy */;
		};
/* End PBXTargetDependency section */

/* Begin XCBuildConfiguration section */
		E866E3902D11825300B5ACB0 /* Debug */ = {
			isa = XCBuildConfiguration;
			buildSettings = {
				ALWAYS_SEARCH_USER_PATHS = NO;
				ASSETCATALOG_COMPILER_GENERATE_SWIFT_ASSET_SYMBOL_EXTENSIONS = YES;
				CLANG_ANALYZER_NONNULL = YES;
				CLANG_ANALYZER_NUMBER_OBJECT_CONVERSION = YES_AGGRESSIVE;
				CLANG_CXX_LANGUAGE_STANDARD = "gnu++20";
				CLANG_ENABLE_MODULES = YES;
				CLANG_ENABLE_OBJC_ARC = YES;
				CLANG_ENABLE_OBJC_WEAK = YES;
				CLANG_WARN_BLOCK_CAPTURE_AUTORELEASING = YES;
				CLANG_WARN_BOOL_CONVERSION = YES;
				CLANG_WARN_COMMA = YES;
				CLANG_WARN_CONSTANT_CONVERSION = YES;
				CLANG_WARN_DEPRECATED_OBJC_IMPLEMENTATIONS = YES;
				CLANG_WARN_DIRECT_OBJC_ISA_USAGE = YES_ERROR;
				CLANG_WARN_DOCUMENTATION_COMMENTS = YES;
				CLANG_WARN_EMPTY_BODY = YES;
				CLANG_WARN_ENUM_CONVERSION = YES;
				CLANG_WARN_INFINITE_RECURSION = YES;
				CLANG_WARN_INT_CONVERSION = YES;
				CLANG_WARN_NON_LITERAL_NULL_CONVERSION = YES;
				CLANG_WARN_OBJC_IMPLICIT_RETAIN_SELF = YES;
				CLANG_WARN_OBJC_LITERAL_CONVERSION = YES;
				CLANG_WARN_OBJC_ROOT_CLASS = YES_ERROR;
				CLANG_WARN_QUOTED_INCLUDE_IN_FRAMEWORK_HEADER = YES;
				CLANG_WARN_RANGE_LOOP_ANALYSIS = YES;
				CLANG_WARN_STRICT_PROTOTYPES = YES;
				CLANG_WARN_SUSPICIOUS_MOVE = YES;
				CLANG_WARN_UNGUARDED_AVAILABILITY = YES_AGGRESSIVE;
				CLANG_WARN_UNREACHABLE_CODE = YES;
				CLANG_WARN__DUPLICATE_METHOD_MATCH = YES;
				COPY_PHASE_STRIP = NO;
				DEBUG_INFORMATION_FORMAT = dwarf;
				ENABLE_STRICT_OBJC_MSGSEND = YES;
				ENABLE_TESTABILITY = YES;
				ENABLE_USER_SCRIPT_SANDBOXING = YES;
				GCC_C_LANGUAGE_STANDARD = gnu17;
				GCC_DYNAMIC_NO_PIC = NO;
				GCC_NO_COMMON_BLOCKS = YES;
				GCC_OPTIMIZATION_LEVEL = 0;
				GCC_PREPROCESSOR_DEFINITIONS = (
					"DEBUG=1",
					"$(inherited)",
				);
				GCC_WARN_64_TO_32_BIT_CONVERSION = YES;
				GCC_WARN_ABOUT_RETURN_TYPE = YES_ERROR;
				GCC_WARN_UNDECLARED_SELECTOR = YES;
				GCC_WARN_UNINITIALIZED_AUTOS = YES_AGGRESSIVE;
				GCC_WARN_UNUSED_FUNCTION = YES;
				GCC_WARN_UNUSED_VARIABLE = YES;
				IPHONEOS_DEPLOYMENT_TARGET = 18.1;
				LOCALIZATION_PREFERS_STRING_CATALOGS = YES;
				MTL_ENABLE_DEBUG_INFO = INCLUDE_SOURCE;
				MTL_FAST_MATH = YES;
				ONLY_ACTIVE_ARCH = YES;
				SDKROOT = iphoneos;
				SWIFT_ACTIVE_COMPILATION_CONDITIONS = "DEBUG $(inherited)";
				SWIFT_OPTIMIZATION_LEVEL = "-Onone";
			};
			name = Debug;
		};
		E866E3912D11825300B5ACB0 /* Release */ = {
			isa = XCBuildConfiguration;
			buildSettings = {
				ALWAYS_SEARCH_USER_PATHS = NO;
				ASSETCATALOG_COMPILER_GENERATE_SWIFT_ASSET_SYMBOL_EXTENSIONS = YES;
				CLANG_ANALYZER_NONNULL = YES;
				CLANG_ANALYZER_NUMBER_OBJECT_CONVERSION = YES_AGGRESSIVE;
				CLANG_CXX_LANGUAGE_STANDARD = "gnu++20";
				CLANG_ENABLE_MODULES = YES;
				CLANG_ENABLE_OBJC_ARC = YES;
				CLANG_ENABLE_OBJC_WEAK = YES;
				CLANG_WARN_BLOCK_CAPTURE_AUTORELEASING = YES;
				CLANG_WARN_BOOL_CONVERSION = YES;
				CLANG_WARN_COMMA = YES;
				CLANG_WARN_CONSTANT_CONVERSION = YES;
				CLANG_WARN_DEPRECATED_OBJC_IMPLEMENTATIONS = YES;
				CLANG_WARN_DIRECT_OBJC_ISA_USAGE = YES_ERROR;
				CLANG_WARN_DOCUMENTATION_COMMENTS = YES;
				CLANG_WARN_EMPTY_BODY = YES;
				CLANG_WARN_ENUM_CONVERSION = YES;
				CLANG_WARN_INFINITE_RECURSION = YES;
				CLANG_WARN_INT_CONVERSION = YES;
				CLANG_WARN_NON_LITERAL_NULL_CONVERSION = YES;
				CLANG_WARN_OBJC_IMPLICIT_RETAIN_SELF = YES;
				CLANG_WARN_OBJC_LITERAL_CONVERSION = YES;
				CLANG_WARN_OBJC_ROOT_CLASS = YES_ERROR;
				CLANG_WARN_QUOTED_INCLUDE_IN_FRAMEWORK_HEADER = YES;
				CLANG_WARN_RANGE_LOOP_ANALYSIS = YES;
				CLANG_WARN_STRICT_PROTOTYPES = YES;
				CLANG_WARN_SUSPICIOUS_MOVE = YES;
				CLANG_WARN_UNGUARDED_AVAILABILITY = YES_AGGRESSIVE;
				CLANG_WARN_UNREACHABLE_CODE = YES;
				CLANG_WARN__DUPLICATE_METHOD_MATCH = YES;
				COPY_PHASE_STRIP = NO;
				DEBUG_INFORMATION_FORMAT = "dwarf-with-dsym";
				ENABLE_NS_ASSERTIONS = NO;
				ENABLE_STRICT_OBJC_MSGSEND = YES;
				ENABLE_USER_SCRIPT_SANDBOXING = YES;
				GCC_C_LANGUAGE_STANDARD = gnu17;
				GCC_NO_COMMON_BLOCKS = YES;
				GCC_WARN_64_TO_32_BIT_CONVERSION = YES;
				GCC_WARN_ABOUT_RETURN_TYPE = YES_ERROR;
				GCC_WARN_UNDECLARED_SELECTOR = YES;
				GCC_WARN_UNINITIALIZED_AUTOS = YES_AGGRESSIVE;
				GCC_WARN_UNUSED_FUNCTION = YES;
				GCC_WARN_UNUSED_VARIABLE = YES;
				IPHONEOS_DEPLOYMENT_TARGET = 18.1;
				LOCALIZATION_PREFERS_STRING_CATALOGS = YES;
				MTL_ENABLE_DEBUG_INFO = NO;
				MTL_FAST_MATH = YES;
				SDKROOT = iphoneos;
				SWIFT_COMPILATION_MODE = wholemodule;
				VALIDATE_PRODUCT = YES;
			};
			name = Release;
		};
		E866E3932D11825300B5ACB0 /* Debug */ = {
			isa = XCBuildConfiguration;
			buildSettings = {
				ASSETCATALOG_COMPILER_APPICON_NAME = AppIcon;
				ASSETCATALOG_COMPILER_GLOBAL_ACCENT_COLOR_NAME = AccentColor;
				CODE_SIGN_STYLE = Automatic;
				CURRENT_PROJECT_VERSION = 2;
				DEVELOPMENT_ASSET_PATHS = "\"Somnolence/Preview Content\"";
				DEVELOPMENT_TEAM = U6QYM9S3UB;
				ENABLE_PREVIEWS = YES;
				GENERATE_INFOPLIST_FILE = YES;
				INFOPLIST_FILE = Somnolence/Info.plist;
				INFOPLIST_KEY_UIApplicationSceneManifest_Generation = YES;
				INFOPLIST_KEY_UIApplicationSupportsIndirectInputEvents = YES;
				INFOPLIST_KEY_UILaunchScreen_Generation = YES;
				INFOPLIST_KEY_UISupportedInterfaceOrientations_iPad = "UIInterfaceOrientationPortrait UIInterfaceOrientationPortraitUpsideDown UIInterfaceOrientationLandscapeLeft UIInterfaceOrientationLandscapeRight";
				INFOPLIST_KEY_UISupportedInterfaceOrientations_iPhone = "UIInterfaceOrientationPortrait UIInterfaceOrientationLandscapeLeft UIInterfaceOrientationLandscapeRight";
				LD_RUNPATH_SEARCH_PATHS = (
					"$(inherited)",
					"@executable_path/Frameworks",
				);
				MARKETING_VERSION = 1.0;
				PRODUCT_BUNDLE_IDENTIFIER = com.vanpraag.miso.Somnolence;
				PRODUCT_NAME = "$(TARGET_NAME)";
				SWIFT_EMIT_LOC_STRINGS = YES;
				SWIFT_VERSION = 5.0;
				TARGETED_DEVICE_FAMILY = "1,2";
			};
			name = Debug;
		};
		E866E3942D11825300B5ACB0 /* Release */ = {
			isa = XCBuildConfiguration;
			buildSettings = {
				ASSETCATALOG_COMPILER_APPICON_NAME = AppIcon;
				ASSETCATALOG_COMPILER_GLOBAL_ACCENT_COLOR_NAME = AccentColor;
				CODE_SIGN_STYLE = Automatic;
				CURRENT_PROJECT_VERSION = 2;
				DEVELOPMENT_ASSET_PATHS = "\"Somnolence/Preview Content\"";
				DEVELOPMENT_TEAM = U6QYM9S3UB;
				ENABLE_PREVIEWS = YES;
				GENERATE_INFOPLIST_FILE = YES;
				INFOPLIST_FILE = Somnolence/Info.plist;
				INFOPLIST_KEY_UIApplicationSceneManifest_Generation = YES;
				INFOPLIST_KEY_UIApplicationSupportsIndirectInputEvents = YES;
				INFOPLIST_KEY_UILaunchScreen_Generation = YES;
				INFOPLIST_KEY_UISupportedInterfaceOrientations_iPad = "UIInterfaceOrientationPortrait UIInterfaceOrientationPortraitUpsideDown UIInterfaceOrientationLandscapeLeft UIInterfaceOrientationLandscapeRight";
				INFOPLIST_KEY_UISupportedInterfaceOrientations_iPhone = "UIInterfaceOrientationPortrait UIInterfaceOrientationLandscapeLeft UIInterfaceOrientationLandscapeRight";
				LD_RUNPATH_SEARCH_PATHS = (
					"$(inherited)",
					"@executable_path/Frameworks",
				);
				MARKETING_VERSION = 1.0;
				PRODUCT_BUNDLE_IDENTIFIER = com.vanpraag.miso.Somnolence;
				PRODUCT_NAME = "$(TARGET_NAME)";
				SWIFT_EMIT_LOC_STRINGS = YES;
				SWIFT_VERSION = 5.0;
				TARGETED_DEVICE_FAMILY = "1,2";
			};
			name = Release;
		};
		E866E3962D11825300B5ACB0 /* Debug */ = {
			isa = XCBuildConfiguration;
			buildSettings = {
				BUNDLE_LOADER = "$(TEST_HOST)";
				CODE_SIGN_STYLE = Automatic;
				CURRENT_PROJECT_VERSION = 1;
				DEVELOPMENT_TEAM = N446LYY98A;
				GENERATE_INFOPLIST_FILE = YES;
				IPHONEOS_DEPLOYMENT_TARGET = 18.1;
				MARKETING_VERSION = 1.0;
				PRODUCT_BUNDLE_IDENTIFIER = com.vanpraag.miso.SomnolenceTests;
				PRODUCT_NAME = "$(TARGET_NAME)";
				SWIFT_EMIT_LOC_STRINGS = NO;
				SWIFT_VERSION = 5.0;
				TARGETED_DEVICE_FAMILY = "1,2";
				TEST_HOST = "$(BUILT_PRODUCTS_DIR)/Somnolence.app/$(BUNDLE_EXECUTABLE_FOLDER_PATH)/Somnolence";
			};
			name = Debug;
		};
		E866E3972D11825300B5ACB0 /* Release */ = {
			isa = XCBuildConfiguration;
			buildSettings = {
				BUNDLE_LOADER = "$(TEST_HOST)";
				CODE_SIGN_STYLE = Automatic;
				CURRENT_PROJECT_VERSION = 1;
				DEVELOPMENT_TEAM = N446LYY98A;
				GENERATE_INFOPLIST_FILE = YES;
				IPHONEOS_DEPLOYMENT_TARGET = 18.1;
				MARKETING_VERSION = 1.0;
				PRODUCT_BUNDLE_IDENTIFIER = com.vanpraag.miso.SomnolenceTests;
				PRODUCT_NAME = "$(TARGET_NAME)";
				SWIFT_EMIT_LOC_STRINGS = NO;
				SWIFT_VERSION = 5.0;
				TARGETED_DEVICE_FAMILY = "1,2";
				TEST_HOST = "$(BUILT_PRODUCTS_DIR)/Somnolence.app/$(BUNDLE_EXECUTABLE_FOLDER_PATH)/Somnolence";
			};
			name = Release;
		};
		E866E3992D11825300B5ACB0 /* Debug */ = {
			isa = XCBuildConfiguration;
			buildSettings = {
				CODE_SIGN_STYLE = Automatic;
				CURRENT_PROJECT_VERSION = 1;
				DEVELOPMENT_TEAM = N446LYY98A;
				GENERATE_INFOPLIST_FILE = YES;
				MARKETING_VERSION = 1.0;
				PRODUCT_BUNDLE_IDENTIFIER = com.vanpraag.miso.SomnolenceUITests;
				PRODUCT_NAME = "$(TARGET_NAME)";
				SWIFT_EMIT_LOC_STRINGS = NO;
				SWIFT_VERSION = 5.0;
				TARGETED_DEVICE_FAMILY = "1,2";
				TEST_TARGET_NAME = Somnolence;
			};
			name = Debug;
		};
		E866E39A2D11825300B5ACB0 /* Release */ = {
			isa = XCBuildConfiguration;
			buildSettings = {
				CODE_SIGN_STYLE = Automatic;
				CURRENT_PROJECT_VERSION = 1;
				DEVELOPMENT_TEAM = N446LYY98A;
				GENERATE_INFOPLIST_FILE = YES;
				MARKETING_VERSION = 1.0;
				PRODUCT_BUNDLE_IDENTIFIER = com.vanpraag.miso.SomnolenceUITests;
				PRODUCT_NAME = "$(TARGET_NAME)";
				SWIFT_EMIT_LOC_STRINGS = NO;
				SWIFT_VERSION = 5.0;
				TARGETED_DEVICE_FAMILY = "1,2";
				TEST_TARGET_NAME = Somnolence;
			};
			name = Release;
		};
/* End XCBuildConfiguration section */

/* Begin XCConfigurationList section */
		E866E3692D11825100B5ACB0 /* Build configuration list for PBXProject "Somnolence" */ = {
			isa = XCConfigurationList;
			buildConfigurations = (
				E866E3902D11825300B5ACB0 /* Debug */,
				E866E3912D11825300B5ACB0 /* Release */,
			);
			defaultConfigurationIsVisible = 0;
			defaultConfigurationName = Release;
		};
		E866E3922D11825300B5ACB0 /* Build configuration list for PBXNativeTarget "Somnolence" */ = {
			isa = XCConfigurationList;
			buildConfigurations = (
				E866E3932D11825300B5ACB0 /* Debug */,
				E866E3942D11825300B5ACB0 /* Release */,
			);
			defaultConfigurationIsVisible = 0;
			defaultConfigurationName = Release;
		};
		E866E3952D11825300B5ACB0 /* Build configuration list for PBXNativeTarget "SomnolenceTests" */ = {
			isa = XCConfigurationList;
			buildConfigurations = (
				E866E3962D11825300B5ACB0 /* Debug */,
				E866E3972D11825300B5ACB0 /* Release */,
			);
			defaultConfigurationIsVisible = 0;
			defaultConfigurationName = Release;
		};
		E866E3982D11825300B5ACB0 /* Build configuration list for PBXNativeTarget "SomnolenceUITests" */ = {
			isa = XCConfigurationList;
			buildConfigurations = (
				E866E3992D11825300B5ACB0 /* Debug */,
				E866E39A2D11825300B5ACB0 /* Release */,
			);
			defaultConfigurationIsVisible = 0;
			defaultConfigurationName = Release;
		};
/* End XCConfigurationList section */
	};
	rootObject = E866E3662D11825100B5ACB0 /* Project object */;
}
